
Microsoft Visual Studio Solution File, Format Version 12.00
# Visual Studio Version 17
VisualStudioVersion = 17.6.33417.168
MinimumVisualStudioVersion = 10.0.40219.1
Project("{9A19103F-16F7-4668-BE54-9A1E7A4F7556}") = "Leng.Application", "Leng.Application\Leng.Application.csproj", "{A1B1BFD1-4808-4C11-A917-68D473FB12B1}"
EndProject
Project("{9A19103F-16F7-4668-BE54-9A1E7A4F7556}") = "Leng.Domain", "Leng.Domain\Leng.Domain.csproj", "{1A98AB7D-114E-4720-A8A1-A8860785AB76}"
EndProject
Project("{9A19103F-16F7-4668-BE54-9A1E7A4F7556}") = "Leng.Infrastructure", "Leng.Infrastructure\Leng.Infrastructure.csproj", "{89EA1766-8C72-4580-BB3B-722C3650B7EC}"
EndProject
Project("{9A19103F-16F7-4668-BE54-9A1E7A4F7556}") = "Leng.BlazorServer", "Leng.BlazorServer\Leng.BlazorServer.csproj", "{C35F6291-BCC7-4137-8CDE-06E8C56B9524}"
EndProject
Project("{FAE04EC0-301F-11D3-BF4B-00C04F79EFBC}") = "Leng.Function.MtgJsonToDb", "Leng.Function.MtgJsonToDb\Leng.Function.MtgJsonToDb.csproj", "{CEAA375B-ADA6-4120-A080-AC164814C8B7}"
EndProject
Global
	GlobalSection(SolutionConfigurationPlatforms) = preSolution
		Debug|Any CPU = Debug|Any CPU
		Release|Any CPU = Release|Any CPU
	EndGlobalSection
	GlobalSection(ProjectConfigurationPlatforms) = postSolution
		{A1B1BFD1-4808-4C11-A917-68D473FB12B1}.Debug|Any CPU.ActiveCfg = Debug|Any CPU
		{A1B1BFD1-4808-4C11-A917-68D473FB12B1}.Debug|Any CPU.Build.0 = Debug|Any CPU
		{A1B1BFD1-4808-4C11-A917-68D473FB12B1}.Release|Any CPU.ActiveCfg = Release|Any CPU
		{A1B1BFD1-4808-4C11-A917-68D473FB12B1}.Release|Any CPU.Build.0 = Release|Any CPU
		{1A98AB7D-114E-4720-A8A1-A8860785AB76}.Debug|Any CPU.ActiveCfg = Debug|Any CPU
		{1A98AB7D-114E-4720-A8A1-A8860785AB76}.Debug|Any CPU.Build.0 = Debug|Any CPU
		{1A98AB7D-114E-4720-A8A1-A8860785AB76}.Release|Any CPU.ActiveCfg = Release|Any CPU
		{1A98AB7D-114E-4720-A8A1-A8860785AB76}.Release|Any CPU.Build.0 = Release|Any CPU
		{89EA1766-8C72-4580-BB3B-722C3650B7EC}.Debug|Any CPU.ActiveCfg = Debug|Any CPU
		{89EA1766-8C72-4580-BB3B-722C3650B7EC}.Debug|Any CPU.Build.0 = Debug|Any CPU
		{89EA1766-8C72-4580-BB3B-722C3650B7EC}.Release|Any CPU.ActiveCfg = Release|Any CPU
		{89EA1766-8C72-4580-BB3B-722C3650B7EC}.Release|Any CPU.Build.0 = Release|Any CPU
		{C35F6291-BCC7-4137-8CDE-06E8C56B9524}.Debug|Any CPU.ActiveCfg = Debug|Any CPU
		{C35F6291-BCC7-4137-8CDE-06E8C56B9524}.Debug|Any CPU.Build.0 = Debug|Any CPU
		{C35F6291-BCC7-4137-8CDE-06E8C56B9524}.Release|Any CPU.ActiveCfg = Release|Any CPU
		{C35F6291-BCC7-4137-8CDE-06E8C56B9524}.Release|Any CPU.Build.0 = Release|Any CPU
		{CEAA375B-ADA6-4120-A080-AC164814C8B7}.Debug|Any CPU.ActiveCfg = Debug|Any CPU
		{CEAA375B-ADA6-4120-A080-AC164814C8B7}.Debug|Any CPU.Build.0 = Debug|Any CPU
		{CEAA375B-ADA6-4120-A080-AC164814C8B7}.Release|Any CPU.ActiveCfg = Release|Any CPU
		{CEAA375B-ADA6-4120-A080-AC164814C8B7}.Release|Any CPU.Build.0 = Release|Any CPU
	EndGlobalSection
	GlobalSection(SolutionProperties) = preSolution
		HideSolutionNode = FALSE
	EndGlobalSection
	GlobalSection(ExtensibilityGlobals) = postSolution
		SolutionGuid = {C165B3B9-DA50-4284-ABBB-F50E21967041}
	EndGlobalSection
EndGlobal
